
Microsoft Visual Studio Solution File, Format Version 12.00
# Visual Studio Version 17
VisualStudioVersion = 17.14.36212.18 d17.14
MinimumVisualStudioVersion = 10.0.40219.1
Project("{FAE04EC0-301F-11D3-BF4B-00C04F79EFBC}") = "ImageResize-Function", "ImageResize-Function.csproj", "{BA211327-193D-4FEA-A733-695A939CE813}"
EndProject
Global
	GlobalSection(SolutionConfigurationPlatforms) = preSolution
		Debug|Any CPU = Debug|Any CPU
		Release|Any CPU = Release|Any CPU
	EndGlobalSection
	GlobalSection(ProjectConfigurationPlatforms) = postSolution
		{BA211327-193D-4FEA-A733-695A939CE813}.Debug|Any CPU.ActiveCfg = Debug|Any CPU
		{BA211327-193D-4FEA-A733-695A939CE813}.Debug|Any CPU.Build.0 = Debug|Any CPU
		{BA211327-193D-4FEA-A733-695A939CE813}.Release|Any CPU.ActiveCfg = Release|Any CPU
		{BA211327-193D-4FEA-A733-695A939CE813}.Release|Any CPU.Build.0 = Release|Any CPU
	EndGlobalSection
	GlobalSection(SolutionProperties) = preSolution
		HideSolutionNode = FALSE
	EndGlobalSection
	GlobalSection(ExtensibilityGlobals) = postSolution
		SolutionGuid = {0EEB71C5-CB64-4634-93F1-1D9C13F52607}
	EndGlobalSection
EndGlobal
